
Microsoft Visual Studio Solution File, Format Version 12.00
# Visual Studio Version 17
VisualStudioVersion = 17.6.33723.286
MinimumVisualStudioVersion = 10.0.40219.1
Project("{FAE04EC0-301F-11D3-BF4B-00C04F79EFBC}") = "MaterialList", "MaterialList\MaterialList.csproj", "{F67A3B11-7D3C-4E0B-8CB7-D4E969890C5A}"
EndProject
Global
	GlobalSection(SolutionConfigurationPlatforms) = preSolution
		Debug|Any CPU = Debug|Any CPU
		Release|Any CPU = Release|Any CPU
	EndGlobalSection
	GlobalSection(ProjectConfigurationPlatforms) = postSolution
		{F67A3B11-7D3C-4E0B-8CB7-D4E969890C5A}.Debug|Any CPU.ActiveCfg = Debug|Any CPU
		{F67A3B11-7D3C-4E0B-8CB7-D4E969890C5A}.Debug|Any CPU.Build.0 = Debug|Any CPU
		{F67A3B11-7D3C-4E0B-8CB7-D4E969890C5A}.Release|Any CPU.ActiveCfg = Release|Any CPU
		{F67A3B11-7D3C-4E0B-8CB7-D4E969890C5A}.Release|Any CPU.Build.0 = Release|Any CPU
	EndGlobalSection
	GlobalSection(SolutionProperties) = preSolution
		HideSolutionNode = FALSE
	EndGlobalSection
	GlobalSection(ExtensibilityGlobals) = postSolution
		SolutionGuid = {7F79E78E-D045-408C-AEA7-36D740AE847F}
	EndGlobalSection
EndGlobal
